
Microsoft Visual Studio Solution File, Format Version 11.00
# Visual Studio 2010
Project("{FAE04EC0-301F-11D3-BF4B-00C04F79EFBC}") = "AGOLFeatureServiceUpdater", "AGOLFeatureServiceUpdater.csproj", "{6D21D37A-56D8-4616-90B6-44CD3E79FAE9}"
EndProject
Global
	GlobalSection(SolutionConfigurationPlatforms) = preSolution
		Debug|x86 = Debug|x86
		Release|x86 = Release|x86
	EndGlobalSection
	GlobalSection(ProjectConfigurationPlatforms) = postSolution
		{6D21D37A-56D8-4616-90B6-44CD3E79FAE9}.Debug|x86.ActiveCfg = Debug|x86
		{6D21D37A-56D8-4616-90B6-44CD3E79FAE9}.Debug|x86.Build.0 = Debug|x86
		{6D21D37A-56D8-4616-90B6-44CD3E79FAE9}.Release|x86.ActiveCfg = Release|x86
		{6D21D37A-56D8-4616-90B6-44CD3E79FAE9}.Release|x86.Build.0 = Release|x86
	EndGlobalSection
	GlobalSection(SolutionProperties) = preSolution
		HideSolutionNode = FALSE
	EndGlobalSection
EndGlobal
